{
  "name": "test-pdf-parse",
  "version": "1.0.0",
  "lockfileVersion": 2,
  "requires": true,
  "packages": {
    "": {
      "name": "test-pdf-parse",
      "version": "1.0.0",
      "license": "ISC",
      "dependencies": {
        "pdf-parse": "^1.1.1",
        "pdf2table": "^0.0.2",
        "pdfjs-dist": "^2.13.216"
      }
    },
    "node_modules/debug": {
      "version": "3.2.7",
      "resolved": "https://registry.npmjs.org/debug/-/debug-3.2.7.tgz",
      "integrity": "sha512-CFjzYYAi4ThfiQvizrFQevTTXHtnCqWfe7x1AhgEscTz6ZbLbfoLRLPugTQyBth6f8ZERVUSyWHFD/7Wu4t1XQ==",
      "dependencies": {
        "ms": "^2.1.1"
      }
    },
    "node_modules/ms": {
      "version": "2.1.3",
      "resolved": "https://registry.npmjs.org/ms/-/ms-2.1.3.tgz",
      "integrity": "sha512-6FlzubTLZG3J2a/NVCAleEhjzq5oxgHyaCU9yYXvcLsvoVaHJq/s5xXI6/XXP6tz7R9xAOtHnSO/tXtF3WRTlA=="
    },
    "node_modules/node-ensure": {
      "version": "0.0.0",
      "resolved": "https://registry.npmjs.org/node-ensure/-/node-ensure-0.0.0.tgz",
      "integrity": "sha1-7K52QVDemYYexcgQ/V0Jaxg5Mqc="
    },
    "node_modules/pdf-parse": {
      "version": "1.1.1",
      "resolved": "https://registry.npmjs.org/pdf-parse/-/pdf-parse-1.1.1.tgz",
      "integrity": "sha512-v6ZJ/efsBpGrGGknjtq9J/oC8tZWq0KWL5vQrk2GlzLEQPUDB1ex+13Rmidl1neNN358Jn9EHZw5y07FFtaC7A==",
      "dependencies": {
        "debug": "^3.1.0",
        "node-ensure": "^0.0.0"
      },
      "engines": {
        "node": ">=6.8.1"
      }
    },
    "node_modules/pdf2json": {
      "version": "0.7.1",
      "resolved": "https://registry.npmjs.org/pdf2json/-/pdf2json-0.7.1.tgz",
      "integrity": "sha1-iIjXPCaTjk2Ih7Yz1uS0Qi3NMMs=",
      "bundleDependencies": [
        "xmldom",
        "underscore",
        "optimist",
        "async"
      ],
      "dependencies": {
        "async": ">=0.2.6",
        "optimist": ">=0.3.5",
        "underscore": ">=1.4.2",
        "xmldom": ">=0.1.13"
      },
      "bin": {
        "pdf2json": "bin/pdf2json"
      },
      "engines": {
        "node": ">=0.8"
      }
    },
    "node_modules/pdf2json/node_modules/async": {
      "version": "0.2.6",
      "inBundle": true
    },
    "node_modules/pdf2json/node_modules/optimist": {
      "version": "0.3.5",
      "inBundle": true,
      "license": "MIT/X11",
      "dependencies": {
        "wordwrap": "~0.0.2"
      }
    },
    "node_modules/pdf2json/node_modules/optimist/node_modules/wordwrap": {
      "version": "0.0.2",
      "inBundle": true,
      "license": "MIT/X11",
      "engines": {
        "node": ">=0.4.0"
      }
    },
    "node_modules/pdf2json/node_modules/underscore": {
      "version": "1.4.4",
      "inBundle": true
    },
    "node_modules/pdf2json/node_modules/xmldom": {
      "version": "0.1.13",
      "inBundle": true,
      "engines": {
        "node": ">=0.1"
      }
    },
    "node_modules/pdf2table": {
      "version": "0.0.2",
      "resolved": "https://registry.npmjs.org/pdf2table/-/pdf2table-0.0.2.tgz",
      "integrity": "sha1-wXgFVIAd88Ytb5tQ1mGUTS+oUE0=",
      "dependencies": {
        "pdf2json": "^0.7.1"
      }
    },
    "node_modules/pdfjs-dist": {
      "version": "2.13.216",
      "resolved": "https://registry.npmjs.org/pdfjs-dist/-/pdfjs-dist-2.13.216.tgz",
      "integrity": "sha512-qn/9a/3IHIKZarTK6ajeeFXBkG15Lg1Fx99PxU09PAU2i874X8mTcHJYyDJxu7WDfNhV6hM7bRQBZU384anoqQ==",
      "dependencies": {
        "web-streams-polyfill": "^3.2.0"
      },
      "peerDependencies": {
        "worker-loader": "^3.0.8"
      },
      "peerDependenciesMeta": {
        "worker-loader": {
          "optional": true
        }
      }
    },
    "node_modules/web-streams-polyfill": {
      "version": "3.2.0",
      "resolved": "https://registry.npmjs.org/web-streams-polyfill/-/web-streams-polyfill-3.2.0.tgz",
      "integrity": "sha512-EqPmREeOzttaLRm5HS7io98goBgZ7IVz79aDvqjD0kYXLtFZTc0T/U6wHTPKyIjb+MdN7DFIIX6hgdBEpWmfPA==",
      "engines": {
        "node": ">= 8"
      }
    }
  },
  "dependencies": {
    "debug": {
      "version": "3.2.7",
      "resolved": "https://registry.npmjs.org/debug/-/debug-3.2.7.tgz",
      "integrity": "sha512-CFjzYYAi4ThfiQvizrFQevTTXHtnCqWfe7x1AhgEscTz6ZbLbfoLRLPugTQyBth6f8ZERVUSyWHFD/7Wu4t1XQ==",
      "requires": {
        "ms": "^2.1.1"
      }
    },
    "ms": {
      "version": "2.1.3",
      "resolved": "https://registry.npmjs.org/ms/-/ms-2.1.3.tgz",
      "integrity": "sha512-6FlzubTLZG3J2a/NVCAleEhjzq5oxgHyaCU9yYXvcLsvoVaHJq/s5xXI6/XXP6tz7R9xAOtHnSO/tXtF3WRTlA=="
    },
    "node-ensure": {
      "version": "0.0.0",
      "resolved": "https://registry.npmjs.org/node-ensure/-/node-ensure-0.0.0.tgz",
      "integrity": "sha1-7K52QVDemYYexcgQ/V0Jaxg5Mqc="
    },
    "pdf-parse": {
      "version": "1.1.1",
      "resolved": "https://registry.npmjs.org/pdf-parse/-/pdf-parse-1.1.1.tgz",
      "integrity": "sha512-v6ZJ/efsBpGrGGknjtq9J/oC8tZWq0KWL5vQrk2GlzLEQPUDB1ex+13Rmidl1neNN358Jn9EHZw5y07FFtaC7A==",
      "requires": {
        "debug": "^3.1.0",
        "node-ensure": "^0.0.0"
      }
    },
    "pdf2json": {
      "version": "0.7.1",
      "resolved": "https://registry.npmjs.org/pdf2json/-/pdf2json-0.7.1.tgz",
      "integrity": "sha1-iIjXPCaTjk2Ih7Yz1uS0Qi3NMMs=",
      "requires": {
        "async": ">=0.2.6",
        "optimist": ">=0.3.5",
        "underscore": ">=1.4.2",
        "xmldom": ">=0.1.13"
      },
      "dependencies": {
        "async": {
          "version": "0.2.6",
          "bundled": true
        },
        "optimist": {
          "version": "0.3.5",
          "bundled": true,
          "requires": {
            "wordwrap": "~0.0.2"
          },
          "dependencies": {
            "wordwrap": {
              "version": "0.0.2",
              "bundled": true
            }
          }
        },
        "underscore": {
          "version": "1.4.4",
          "bundled": true
        },
        "xmldom": {
          "version": "0.1.13",
          "bundled": true
        }
      }
    },
    "pdf2table": {
      "version": "0.0.2",
      "resolved": "https://registry.npmjs.org/pdf2table/-/pdf2table-0.0.2.tgz",
      "integrity": "sha1-wXgFVIAd88Ytb5tQ1mGUTS+oUE0=",
      "requires": {
        "pdf2json": "^0.7.1"
      }
    },
    "pdfjs-dist": {
      "version": "2.13.216",
      "resolved": "https://registry.npmjs.org/pdfjs-dist/-/pdfjs-dist-2.13.216.tgz",
      "integrity": "sha512-qn/9a/3IHIKZarTK6ajeeFXBkG15Lg1Fx99PxU09PAU2i874X8mTcHJYyDJxu7WDfNhV6hM7bRQBZU384anoqQ==",
      "requires": {
        "web-streams-polyfill": "^3.2.0"
      }
    },
    "web-streams-polyfill": {
      "version": "3.2.0",
      "resolved": "https://registry.npmjs.org/web-streams-polyfill/-/web-streams-polyfill-3.2.0.tgz",
      "integrity": "sha512-EqPmREeOzttaLRm5HS7io98goBgZ7IVz79aDvqjD0kYXLtFZTc0T/U6wHTPKyIjb+MdN7DFIIX6hgdBEpWmfPA=="
    }
  }
}
